
Microsoft Visual Studio Solution File, Format Version 12.00
# Visual Studio 14
VisualStudioVersion = 14.0.25420.1
MinimumVisualStudioVersion = 10.0.40219.1
Project("{8BC9CEB8-8B4A-11D0-8D11-00A0C91BC942}") = "zmq_server", "zmq_server\zmq_server.vcxproj", "{E26387FE-5535-4964-8D02-3A00656E99EA}"
EndProject
Global
	GlobalSection(SolutionConfigurationPlatforms) = preSolution
		Debug|x64 = Debug|x64
		Debug|x86 = Debug|x86
		MinSizeRel|x64 = MinSizeRel|x64
		MinSizeRel|x86 = MinSizeRel|x86
		Release|x64 = Release|x64
		Release|x86 = Release|x86
		RelWithDebInfo|x64 = RelWithDebInfo|x64
		RelWithDebInfo|x86 = RelWithDebInfo|x86
	EndGlobalSection
	GlobalSection(ProjectConfigurationPlatforms) = postSolution
		{E26387FE-5535-4964-8D02-3A00656E99EA}.Debug|x64.ActiveCfg = Debug|x64
		{E26387FE-5535-4964-8D02-3A00656E99EA}.Debug|x64.Build.0 = Debug|x64
		{E26387FE-5535-4964-8D02-3A00656E99EA}.Debug|x86.ActiveCfg = Debug|Win32
		{E26387FE-5535-4964-8D02-3A00656E99EA}.Debug|x86.Build.0 = Debug|Win32
		{E26387FE-5535-4964-8D02-3A00656E99EA}.MinSizeRel|x64.ActiveCfg = Release|x64
		{E26387FE-5535-4964-8D02-3A00656E99EA}.MinSizeRel|x64.Build.0 = Release|x64
		{E26387FE-5535-4964-8D02-3A00656E99EA}.MinSizeRel|x86.ActiveCfg = Release|Win32
		{E26387FE-5535-4964-8D02-3A00656E99EA}.MinSizeRel|x86.Build.0 = Release|Win32
		{E26387FE-5535-4964-8D02-3A00656E99EA}.Release|x64.ActiveCfg = Release|x64
		{E26387FE-5535-4964-8D02-3A00656E99EA}.Release|x64.Build.0 = Release|x64
		{E26387FE-5535-4964-8D02-3A00656E99EA}.Release|x86.ActiveCfg = Release|Win32
		{E26387FE-5535-4964-8D02-3A00656E99EA}.Release|x86.Build.0 = Release|Win32
		{E26387FE-5535-4964-8D02-3A00656E99EA}.RelWithDebInfo|x64.ActiveCfg = Release|x64
		{E26387FE-5535-4964-8D02-3A00656E99EA}.RelWithDebInfo|x64.Build.0 = Release|x64
		{E26387FE-5535-4964-8D02-3A00656E99EA}.RelWithDebInfo|x86.ActiveCfg = Release|Win32
		{E26387FE-5535-4964-8D02-3A00656E99EA}.RelWithDebInfo|x86.Build.0 = Release|Win32
	EndGlobalSection
	GlobalSection(SolutionProperties) = preSolution
		HideSolutionNode = FALSE
	EndGlobalSection
	GlobalSection(ExtensibilityGlobals) = postSolution
		SolutionGuid = {604BEB8E-3FE6-467F-B113-EC9D25295A74}
	EndGlobalSection
EndGlobal
